
Microsoft Visual Studio Solution File, Format Version 12.00
# Visual Studio Version 17
VisualStudioVersion = 17.6.33815.320
MinimumVisualStudioVersion = 10.0.40219.1
Project("{9A19103F-16F7-4668-BE54-9A1E7A4F7556}") = "ToDoDotNetSixApi", "ToDoDotNetSixApi\ToDoDotNetSixApi.csproj", "{6C7945B5-8C75-4265-B993-EC099F4B8034}"
EndProject
Project("{FAE04EC0-301F-11D3-BF4B-00C04F79EFBC}") = "ToDoDotNetSixWeb", "ToDoDotNetSixWeb\ToDoDotNetSixWeb.csproj", "{FF985F02-5ABE-46C5-8259-49C9BF7A3C83}"
EndProject
Global
	GlobalSection(SolutionConfigurationPlatforms) = preSolution
		Debug|Any CPU = Debug|Any CPU
		Release|Any CPU = Release|Any CPU
	EndGlobalSection
	GlobalSection(ProjectConfigurationPlatforms) = postSolution
		{6C7945B5-8C75-4265-B993-EC099F4B8034}.Debug|Any CPU.ActiveCfg = Debug|Any CPU
		{6C7945B5-8C75-4265-B993-EC099F4B8034}.Debug|Any CPU.Build.0 = Debug|Any CPU
		{6C7945B5-8C75-4265-B993-EC099F4B8034}.Release|Any CPU.ActiveCfg = Release|Any CPU
		{6C7945B5-8C75-4265-B993-EC099F4B8034}.Release|Any CPU.Build.0 = Release|Any CPU
		{FF985F02-5ABE-46C5-8259-49C9BF7A3C83}.Debug|Any CPU.ActiveCfg = Debug|Any CPU
		{FF985F02-5ABE-46C5-8259-49C9BF7A3C83}.Debug|Any CPU.Build.0 = Debug|Any CPU
		{FF985F02-5ABE-46C5-8259-49C9BF7A3C83}.Release|Any CPU.ActiveCfg = Release|Any CPU
		{FF985F02-5ABE-46C5-8259-49C9BF7A3C83}.Release|Any CPU.Build.0 = Release|Any CPU
	EndGlobalSection
	GlobalSection(SolutionProperties) = preSolution
		HideSolutionNode = FALSE
	EndGlobalSection
	GlobalSection(ExtensibilityGlobals) = postSolution
		SolutionGuid = {BBACA1AD-EA8E-4CB0-BDE3-AD6AB31B2864}
	EndGlobalSection
EndGlobal
